
Microsoft Visual Studio Solution File, Format Version 12.00
# Visual Studio 15
VisualStudioVersion = 15.0.27703.2035
MinimumVisualStudioVersion = 10.0.40219.1
Project("{FAE04EC0-301F-11D3-BF4B-00C04F79EFBC}") = "SalesApp.Android", "SalesApp\SalesApp.Android\SalesApp.Android.csproj", "{98CE4561-4AC7-41CB-8B1B-123690A3D58B}"
EndProject
Project("{FAE04EC0-301F-11D3-BF4B-00C04F79EFBC}") = "SalesApp.iOS", "SalesApp\SalesApp.iOS\SalesApp.iOS.csproj", "{E3B80356-F05F-48DB-B70E-ABB17051110D}"
EndProject
Project("{FAE04EC0-301F-11D3-BF4B-00C04F79EFBC}") = "SalesApp.UWP", "SalesApp\SalesApp.UWP\SalesApp.UWP.csproj", "{C3D1A60F-B4BA-461C-A87E-A43299DDB14B}"
EndProject
Project("{9A19103F-16F7-4668-BE54-9A1E7A4F7556}") = "SalesApp", "SalesApp\SalesApp\SalesApp.csproj", "{9A790F3F-DD11-4CA8-A39A-22BF67179534}"
EndProject
Project("{FAE04EC0-301F-11D3-BF4B-00C04F79EFBC}") = "SalesApp.Api", "SalesApp.Api\SalesApp.Api.csproj", "{78B597C6-EAAF-48D8-B756-67A45922052B}"
EndProject
Project("{FAE04EC0-301F-11D3-BF4B-00C04F79EFBC}") = "SalesApp.Domain", "SalesApp.Domain\SalesApp.Domain.csproj", "{0B485DE7-9BB8-42AF-85AC-18606212A11B}"
EndProject
Project("{FAE04EC0-301F-11D3-BF4B-00C04F79EFBC}") = "SalesApp.Common", "SalesApp.Common\SalesApp.Common.csproj", "{B2ACC962-E025-400B-8328-91B10D33309D}"
EndProject
Project("{FAE04EC0-301F-11D3-BF4B-00C04F79EFBC}") = "SalesApp.Backend", "SalesApp.Backend\SalesApp.Backend.csproj", "{C058A96F-2378-4722-B8AA-848F1595AB0B}"
EndProject
Global
	GlobalSection(SolutionConfigurationPlatforms) = preSolution
		Ad-Hoc|Any CPU = Ad-Hoc|Any CPU
		Ad-Hoc|ARM = Ad-Hoc|ARM
		Ad-Hoc|iPhone = Ad-Hoc|iPhone
		Ad-Hoc|iPhoneSimulator = Ad-Hoc|iPhoneSimulator
		Ad-Hoc|x64 = Ad-Hoc|x64
		Ad-Hoc|x86 = Ad-Hoc|x86
		AppStore|Any CPU = AppStore|Any CPU
		AppStore|ARM = AppStore|ARM
		AppStore|iPhone = AppStore|iPhone
		AppStore|iPhoneSimulator = AppStore|iPhoneSimulator
		AppStore|x64 = AppStore|x64
		AppStore|x86 = AppStore|x86
		Debug|Any CPU = Debug|Any CPU
		Debug|ARM = Debug|ARM
		Debug|iPhone = Debug|iPhone
		Debug|iPhoneSimulator = Debug|iPhoneSimulator
		Debug|x64 = Debug|x64
		Debug|x86 = Debug|x86
		Release|Any CPU = Release|Any CPU
		Release|ARM = Release|ARM
		Release|iPhone = Release|iPhone
		Release|iPhoneSimulator = Release|iPhoneSimulator
		Release|x64 = Release|x64
		Release|x86 = Release|x86
	EndGlobalSection
	GlobalSection(ProjectConfigurationPlatforms) = postSolution
		{98CE4561-4AC7-41CB-8B1B-123690A3D58B}.Ad-Hoc|Any CPU.ActiveCfg = Release|Any CPU
		{98CE4561-4AC7-41CB-8B1B-123690A3D58B}.Ad-Hoc|Any CPU.Build.0 = Release|Any CPU
		{98CE4561-4AC7-41CB-8B1B-123690A3D58B}.Ad-Hoc|Any CPU.Deploy.0 = Release|Any CPU
		{98CE4561-4AC7-41CB-8B1B-123690A3D58B}.Ad-Hoc|ARM.ActiveCfg = Release|Any CPU
		{98CE4561-4AC7-41CB-8B1B-123690A3D58B}.Ad-Hoc|ARM.Build.0 = Release|Any CPU
		{98CE4561-4AC7-41CB-8B1B-123690A3D58B}.Ad-Hoc|ARM.Deploy.0 = Release|Any CPU
		{98CE4561-4AC7-41CB-8B1B-123690A3D58B}.Ad-Hoc|iPhone.ActiveCfg = Release|Any CPU
		{98CE4561-4AC7-41CB-8B1B-123690A3D58B}.Ad-Hoc|iPhone.Build.0 = Release|Any CPU
		{98CE4561-4AC7-41CB-8B1B-123690A3D58B}.Ad-Hoc|iPhone.Deploy.0 = Release|Any CPU
		{98CE4561-4AC7-41CB-8B1B-123690A3D58B}.Ad-Hoc|iPhoneSimulator.ActiveCfg = Release|Any CPU
		{98CE4561-4AC7-41CB-8B1B-123690A3D58B}.Ad-Hoc|iPhoneSimulator.Build.0 = Release|Any CPU
		{98CE4561-4AC7-41CB-8B1B-123690A3D58B}.Ad-Hoc|iPhoneSimulator.Deploy.0 = Release|Any CPU
		{98CE4561-4AC7-41CB-8B1B-123690A3D58B}.Ad-Hoc|x64.ActiveCfg = Release|Any CPU
		{98CE4561-4AC7-41CB-8B1B-123690A3D58B}.Ad-Hoc|x64.Build.0 = Release|Any CPU
		{98CE4561-4AC7-41CB-8B1B-123690A3D58B}.Ad-Hoc|x64.Deploy.0 = Release|Any CPU
		{98CE4561-4AC7-41CB-8B1B-123690A3D58B}.Ad-Hoc|x86.ActiveCfg = Release|Any CPU
		{98CE4561-4AC7-41CB-8B1B-123690A3D58B}.Ad-Hoc|x86.Build.0 = Release|Any CPU
		{98CE4561-4AC7-41CB-8B1B-123690A3D58B}.Ad-Hoc|x86.Deploy.0 = Release|Any CPU
		{98CE4561-4AC7-41CB-8B1B-123690A3D58B}.AppStore|Any CPU.ActiveCfg = Release|Any CPU
		{98CE4561-4AC7-41CB-8B1B-123690A3D58B}.AppStore|Any CPU.Build.0 = Release|Any CPU
		{98CE4561-4AC7-41CB-8B1B-123690A3D58B}.AppStore|Any CPU.Deploy.0 = Release|Any CPU
		{98CE4561-4AC7-41CB-8B1B-123690A3D58B}.AppStore|ARM.ActiveCfg = Release|Any CPU
		{98CE4561-4AC7-41CB-8B1B-123690A3D58B}.AppStore|ARM.Build.0 = Release|Any CPU
		{98CE4561-4AC7-41CB-8B1B-123690A3D58B}.AppStore|ARM.Deploy.0 = Release|Any CPU
		{98CE4561-4AC7-41CB-8B1B-123690A3D58B}.AppStore|iPhone.ActiveCfg = Release|Any CPU
		{98CE4561-4AC7-41CB-8B1B-123690A3D58B}.AppStore|iPhone.Build.0 = Release|Any CPU
		{98CE4561-4AC7-41CB-8B1B-123690A3D58B}.AppStore|iPhone.Deploy.0 = Release|Any CPU
		{98CE4561-4AC7-41CB-8B1B-123690A3D58B}.AppStore|iPhoneSimulator.ActiveCfg = Release|Any CPU
		{98CE4561-4AC7-41CB-8B1B-123690A3D58B}.AppStore|iPhoneSimulator.Build.0 = Release|Any CPU
		{98CE4561-4AC7-41CB-8B1B-123690A3D58B}.AppStore|iPhoneSimulator.Deploy.0 = Release|Any CPU
		{98CE4561-4AC7-41CB-8B1B-123690A3D58B}.AppStore|x64.ActiveCfg = Release|Any CPU
		{98CE4561-4AC7-41CB-8B1B-123690A3D58B}.AppStore|x64.Build.0 = Release|Any CPU
		{98CE4561-4AC7-41CB-8B1B-123690A3D58B}.AppStore|x64.Deploy.0 = Release|Any CPU
		{98CE4561-4AC7-41CB-8B1B-123690A3D58B}.AppStore|x86.ActiveCfg = Release|Any CPU
		{98CE4561-4AC7-41CB-8B1B-123690A3D58B}.AppStore|x86.Build.0 = Release|Any CPU
		{98CE4561-4AC7-41CB-8B1B-123690A3D58B}.AppStore|x86.Deploy.0 = Release|Any CPU
		{98CE4561-4AC7-41CB-8B1B-123690A3D58B}.Debug|Any CPU.ActiveCfg = Debug|Any CPU
		{98CE4561-4AC7-41CB-8B1B-123690A3D58B}.Debug|Any CPU.Build.0 = Debug|Any CPU
		{98CE4561-4AC7-41CB-8B1B-123690A3D58B}.Debug|Any CPU.Deploy.0 = Debug|Any CPU
		{98CE4561-4AC7-41CB-8B1B-123690A3D58B}.Debug|ARM.ActiveCfg = Debug|Any CPU
		{98CE4561-4AC7-41CB-8B1B-123690A3D58B}.Debug|ARM.Build.0 = Debug|Any CPU
		{98CE4561-4AC7-41CB-8B1B-123690A3D58B}.Debug|ARM.Deploy.0 = Debug|Any CPU
		{98CE4561-4AC7-41CB-8B1B-123690A3D58B}.Debug|iPhone.ActiveCfg = Debug|Any CPU
		{98CE4561-4AC7-41CB-8B1B-123690A3D58B}.Debug|iPhone.Build.0 = Debug|Any CPU
		{98CE4561-4AC7-41CB-8B1B-123690A3D58B}.Debug|iPhone.Deploy.0 = Debug|Any CPU
		{98CE4561-4AC7-41CB-8B1B-123690A3D58B}.Debug|iPhoneSimulator.ActiveCfg = Debug|Any CPU
		{98CE4561-4AC7-41CB-8B1B-123690A3D58B}.Debug|iPhoneSimulator.Build.0 = Debug|Any CPU
		{98CE4561-4AC7-41CB-8B1B-123690A3D58B}.Debug|iPhoneSimulator.Deploy.0 = Debug|Any CPU
		{98CE4561-4AC7-41CB-8B1B-123690A3D58B}.Debug|x64.ActiveCfg = Debug|Any CPU
		{98CE4561-4AC7-41CB-8B1B-123690A3D58B}.Debug|x64.Build.0 = Debug|Any CPU
		{98CE4561-4AC7-41CB-8B1B-123690A3D58B}.Debug|x64.Deploy.0 = Debug|Any CPU
		{98CE4561-4AC7-41CB-8B1B-123690A3D58B}.Debug|x86.ActiveCfg = Debug|Any CPU
		{98CE4561-4AC7-41CB-8B1B-123690A3D58B}.Debug|x86.Build.0 = Debug|Any CPU
		{98CE4561-4AC7-41CB-8B1B-123690A3D58B}.Debug|x86.Deploy.0 = Debug|Any CPU
		{98CE4561-4AC7-41CB-8B1B-123690A3D58B}.Release|Any CPU.ActiveCfg = Release|Any CPU
		{98CE4561-4AC7-41CB-8B1B-123690A3D58B}.Release|Any CPU.Build.0 = Release|Any CPU
		{98CE4561-4AC7-41CB-8B1B-123690A3D58B}.Release|Any CPU.Deploy.0 = Release|Any CPU
		{98CE4561-4AC7-41CB-8B1B-123690A3D58B}.Release|ARM.ActiveCfg = Release|Any CPU
		{98CE4561-4AC7-41CB-8B1B-123690A3D58B}.Release|ARM.Build.0 = Release|Any CPU
		{98CE4561-4AC7-41CB-8B1B-123690A3D58B}.Release|ARM.Deploy.0 = Release|Any CPU
		{98CE4561-4AC7-41CB-8B1B-123690A3D58B}.Release|iPhone.ActiveCfg = Release|Any CPU
		{98CE4561-4AC7-41CB-8B1B-123690A3D58B}.Release|iPhone.Build.0 = Release|Any CPU
		{98CE4561-4AC7-41CB-8B1B-123690A3D58B}.Release|iPhone.Deploy.0 = Release|Any CPU
		{98CE4561-4AC7-41CB-8B1B-123690A3D58B}.Release|iPhoneSimulator.ActiveCfg = Release|Any CPU
		{98CE4561-4AC7-41CB-8B1B-123690A3D58B}.Release|iPhoneSimulator.Build.0 = Release|Any CPU
		{98CE4561-4AC7-41CB-8B1B-123690A3D58B}.Release|iPhoneSimulator.Deploy.0 = Release|Any CPU
		{98CE4561-4AC7-41CB-8B1B-123690A3D58B}.Release|x64.ActiveCfg = Release|Any CPU
		{98CE4561-4AC7-41CB-8B1B-123690A3D58B}.Release|x64.Build.0 = Release|Any CPU
		{98CE4561-4AC7-41CB-8B1B-123690A3D58B}.Release|x64.Deploy.0 = Release|Any CPU
		{98CE4561-4AC7-41CB-8B1B-123690A3D58B}.Release|x86.ActiveCfg = Release|Any CPU
		{98CE4561-4AC7-41CB-8B1B-123690A3D58B}.Release|x86.Build.0 = Release|Any CPU
		{98CE4561-4AC7-41CB-8B1B-123690A3D58B}.Release|x86.Deploy.0 = Release|Any CPU
		{E3B80356-F05F-48DB-B70E-ABB17051110D}.Ad-Hoc|Any CPU.ActiveCfg = Ad-Hoc|iPhone
		{E3B80356-F05F-48DB-B70E-ABB17051110D}.Ad-Hoc|Any CPU.Build.0 = Ad-Hoc|iPhone
		{E3B80356-F05F-48DB-B70E-ABB17051110D}.Ad-Hoc|Any CPU.Deploy.0 = Ad-Hoc|iPhone
		{E3B80356-F05F-48DB-B70E-ABB17051110D}.Ad-Hoc|ARM.ActiveCfg = Ad-Hoc|iPhone
		{E3B80356-F05F-48DB-B70E-ABB17051110D}.Ad-Hoc|ARM.Build.0 = Ad-Hoc|iPhone
		{E3B80356-F05F-48DB-B70E-ABB17051110D}.Ad-Hoc|ARM.Deploy.0 = Ad-Hoc|iPhone
		{E3B80356-F05F-48DB-B70E-ABB17051110D}.Ad-Hoc|iPhone.ActiveCfg = Ad-Hoc|iPhone
		{E3B80356-F05F-48DB-B70E-ABB17051110D}.Ad-Hoc|iPhone.Build.0 = Ad-Hoc|iPhone
		{E3B80356-F05F-48DB-B70E-ABB17051110D}.Ad-Hoc|iPhone.Deploy.0 = Ad-Hoc|iPhone
		{E3B80356-F05F-48DB-B70E-ABB17051110D}.Ad-Hoc|iPhoneSimulator.ActiveCfg = Ad-Hoc|iPhoneSimulator
		{E3B80356-F05F-48DB-B70E-ABB17051110D}.Ad-Hoc|iPhoneSimulator.Build.0 = Ad-Hoc|iPhoneSimulator
		{E3B80356-F05F-48DB-B70E-ABB17051110D}.Ad-Hoc|iPhoneSimulator.Deploy.0 = Ad-Hoc|iPhoneSimulator
		{E3B80356-F05F-48DB-B70E-ABB17051110D}.Ad-Hoc|x64.ActiveCfg = Ad-Hoc|iPhone
		{E3B80356-F05F-48DB-B70E-ABB17051110D}.Ad-Hoc|x64.Build.0 = Ad-Hoc|iPhone
		{E3B80356-F05F-48DB-B70E-ABB17051110D}.Ad-Hoc|x64.Deploy.0 = Ad-Hoc|iPhone
		{E3B80356-F05F-48DB-B70E-ABB17051110D}.Ad-Hoc|x86.ActiveCfg = Ad-Hoc|iPhone
		{E3B80356-F05F-48DB-B70E-ABB17051110D}.Ad-Hoc|x86.Build.0 = Ad-Hoc|iPhone
		{E3B80356-F05F-48DB-B70E-ABB17051110D}.Ad-Hoc|x86.Deploy.0 = Ad-Hoc|iPhone
		{E3B80356-F05F-48DB-B70E-ABB17051110D}.AppStore|Any CPU.ActiveCfg = AppStore|iPhone
		{E3B80356-F05F-48DB-B70E-ABB17051110D}.AppStore|Any CPU.Build.0 = AppStore|iPhone
		{E3B80356-F05F-48DB-B70E-ABB17051110D}.AppStore|Any CPU.Deploy.0 = AppStore|iPhone
		{E3B80356-F05F-48DB-B70E-ABB17051110D}.AppStore|ARM.ActiveCfg = AppStore|iPhone
		{E3B80356-F05F-48DB-B70E-ABB17051110D}.AppStore|ARM.Build.0 = AppStore|iPhone
		{E3B80356-F05F-48DB-B70E-ABB17051110D}.AppStore|ARM.Deploy.0 = AppStore|iPhone
		{E3B80356-F05F-48DB-B70E-ABB17051110D}.AppStore|iPhone.ActiveCfg = AppStore|iPhone
		{E3B80356-F05F-48DB-B70E-ABB17051110D}.AppStore|iPhone.Build.0 = AppStore|iPhone
		{E3B80356-F05F-48DB-B70E-ABB17051110D}.AppStore|iPhone.Deploy.0 = AppStore|iPhone
		{E3B80356-F05F-48DB-B70E-ABB17051110D}.AppStore|iPhoneSimulator.ActiveCfg = AppStore|iPhoneSimulator
		{E3B80356-F05F-48DB-B70E-ABB17051110D}.AppStore|iPhoneSimulator.Build.0 = AppStore|iPhoneSimulator
		{E3B80356-F05F-48DB-B70E-ABB17051110D}.AppStore|iPhoneSimulator.Deploy.0 = AppStore|iPhoneSimulator
		{E3B80356-F05F-48DB-B70E-ABB17051110D}.AppStore|x64.ActiveCfg = AppStore|iPhone
		{E3B80356-F05F-48DB-B70E-ABB17051110D}.AppStore|x64.Build.0 = AppStore|iPhone
		{E3B80356-F05F-48DB-B70E-ABB17051110D}.AppStore|x64.Deploy.0 = AppStore|iPhone
		{E3B80356-F05F-48DB-B70E-ABB17051110D}.AppStore|x86.ActiveCfg = AppStore|iPhone
		{E3B80356-F05F-48DB-B70E-ABB17051110D}.AppStore|x86.Build.0 = AppStore|iPhone
		{E3B80356-F05F-48DB-B70E-ABB17051110D}.AppStore|x86.Deploy.0 = AppStore|iPhone
		{E3B80356-F05F-48DB-B70E-ABB17051110D}.Debug|Any CPU.ActiveCfg = Debug|iPhoneSimulator
		{E3B80356-F05F-48DB-B70E-ABB17051110D}.Debug|Any CPU.Build.0 = Debug|iPhoneSimulator
		{E3B80356-F05F-48DB-B70E-ABB17051110D}.Debug|Any CPU.Deploy.0 = Debug|iPhoneSimulator
		{E3B80356-F05F-48DB-B70E-ABB17051110D}.Debug|ARM.ActiveCfg = Debug|iPhone
		{E3B80356-F05F-48DB-B70E-ABB17051110D}.Debug|ARM.Build.0 = Debug|iPhone
		{E3B80356-F05F-48DB-B70E-ABB17051110D}.Debug|ARM.Deploy.0 = Debug|iPhone
		{E3B80356-F05F-48DB-B70E-ABB17051110D}.Debug|iPhone.ActiveCfg = Debug|iPhone
		{E3B80356-F05F-48DB-B70E-ABB17051110D}.Debug|iPhone.Build.0 = Debug|iPhone
		{E3B80356-F05F-48DB-B70E-ABB17051110D}.Debug|iPhone.Deploy.0 = Debug|iPhone
		{E3B80356-F05F-48DB-B70E-ABB17051110D}.Debug|iPhoneSimulator.ActiveCfg = Debug|iPhoneSimulator
		{E3B80356-F05F-48DB-B70E-ABB17051110D}.Debug|iPhoneSimulator.Build.0 = Debug|iPhoneSimulator
		{E3B80356-F05F-48DB-B70E-ABB17051110D}.Debug|iPhoneSimulator.Deploy.0 = Debug|iPhoneSimulator
		{E3B80356-F05F-48DB-B70E-ABB17051110D}.Debug|x64.ActiveCfg = Debug|iPhone
		{E3B80356-F05F-48DB-B70E-ABB17051110D}.Debug|x64.Build.0 = Debug|iPhone
		{E3B80356-F05F-48DB-B70E-ABB17051110D}.Debug|x64.Deploy.0 = Debug|iPhone
		{E3B80356-F05F-48DB-B70E-ABB17051110D}.Debug|x86.ActiveCfg = Debug|iPhone
		{E3B80356-F05F-48DB-B70E-ABB17051110D}.Debug|x86.Build.0 = Debug|iPhone
		{E3B80356-F05F-48DB-B70E-ABB17051110D}.Debug|x86.Deploy.0 = Debug|iPhone
		{E3B80356-F05F-48DB-B70E-ABB17051110D}.Release|Any CPU.ActiveCfg = Release|iPhone
		{E3B80356-F05F-48DB-B70E-ABB17051110D}.Release|Any CPU.Build.0 = Release|iPhone
		{E3B80356-F05F-48DB-B70E-ABB17051110D}.Release|Any CPU.Deploy.0 = Release|iPhone
		{E3B80356-F05F-48DB-B70E-ABB17051110D}.Release|ARM.ActiveCfg = Release|iPhone
		{E3B80356-F05F-48DB-B70E-ABB17051110D}.Release|ARM.Build.0 = Release|iPhone
		{E3B80356-F05F-48DB-B70E-ABB17051110D}.Release|ARM.Deploy.0 = Release|iPhone
		{E3B80356-F05F-48DB-B70E-ABB17051110D}.Release|iPhone.ActiveCfg = Release|iPhone
		{E3B80356-F05F-48DB-B70E-ABB17051110D}.Release|iPhone.Build.0 = Release|iPhone
		{E3B80356-F05F-48DB-B70E-ABB17051110D}.Release|iPhone.Deploy.0 = Release|iPhone
		{E3B80356-F05F-48DB-B70E-ABB17051110D}.Release|iPhoneSimulator.ActiveCfg = Release|iPhoneSimulator
		{E3B80356-F05F-48DB-B70E-ABB17051110D}.Release|iPhoneSimulator.Build.0 = Release|iPhoneSimulator
		{E3B80356-F05F-48DB-B70E-ABB17051110D}.Release|iPhoneSimulator.Deploy.0 = Release|iPhoneSimulator
		{E3B80356-F05F-48DB-B70E-ABB17051110D}.Release|x64.ActiveCfg = Release|iPhone
		{E3B80356-F05F-48DB-B70E-ABB17051110D}.Release|x64.Build.0 = Release|iPhone
		{E3B80356-F05F-48DB-B70E-ABB17051110D}.Release|x64.Deploy.0 = Release|iPhone
		{E3B80356-F05F-48DB-B70E-ABB17051110D}.Release|x86.ActiveCfg = Release|iPhone
		{E3B80356-F05F-48DB-B70E-ABB17051110D}.Release|x86.Build.0 = Release|iPhone
		{E3B80356-F05F-48DB-B70E-ABB17051110D}.Release|x86.Deploy.0 = Release|iPhone
		{C3D1A60F-B4BA-461C-A87E-A43299DDB14B}.Ad-Hoc|Any CPU.ActiveCfg = Release|x86
		{C3D1A60F-B4BA-461C-A87E-A43299DDB14B}.Ad-Hoc|Any CPU.Build.0 = Release|x86
		{C3D1A60F-B4BA-461C-A87E-A43299DDB14B}.Ad-Hoc|Any CPU.Deploy.0 = Release|x86
		{C3D1A60F-B4BA-461C-A87E-A43299DDB14B}.Ad-Hoc|ARM.ActiveCfg = Release|ARM
		{C3D1A60F-B4BA-461C-A87E-A43299DDB14B}.Ad-Hoc|ARM.Build.0 = Release|ARM
		{C3D1A60F-B4BA-461C-A87E-A43299DDB14B}.Ad-Hoc|ARM.Deploy.0 = Release|ARM
		{C3D1A60F-B4BA-461C-A87E-A43299DDB14B}.Ad-Hoc|iPhone.ActiveCfg = Release|x86
		{C3D1A60F-B4BA-461C-A87E-A43299DDB14B}.Ad-Hoc|iPhone.Build.0 = Release|x86
		{C3D1A60F-B4BA-461C-A87E-A43299DDB14B}.Ad-Hoc|iPhone.Deploy.0 = Release|x86
		{C3D1A60F-B4BA-461C-A87E-A43299DDB14B}.Ad-Hoc|iPhoneSimulator.ActiveCfg = Release|x86
		{C3D1A60F-B4BA-461C-A87E-A43299DDB14B}.Ad-Hoc|iPhoneSimulator.Build.0 = Release|x86
		{C3D1A60F-B4BA-461C-A87E-A43299DDB14B}.Ad-Hoc|iPhoneSimulator.Deploy.0 = Release|x86
		{C3D1A60F-B4BA-461C-A87E-A43299DDB14B}.Ad-Hoc|x64.ActiveCfg = Release|x64
		{C3D1A60F-B4BA-461C-A87E-A43299DDB14B}.Ad-Hoc|x64.Build.0 = Release|x64
		{C3D1A60F-B4BA-461C-A87E-A43299DDB14B}.Ad-Hoc|x64.Deploy.0 = Release|x64
		{C3D1A60F-B4BA-461C-A87E-A43299DDB14B}.Ad-Hoc|x86.ActiveCfg = Release|x86
		{C3D1A60F-B4BA-461C-A87E-A43299DDB14B}.Ad-Hoc|x86.Build.0 = Release|x86
		{C3D1A60F-B4BA-461C-A87E-A43299DDB14B}.Ad-Hoc|x86.Deploy.0 = Release|x86
		{C3D1A60F-B4BA-461C-A87E-A43299DDB14B}.AppStore|Any CPU.ActiveCfg = Release|x86
		{C3D1A60F-B4BA-461C-A87E-A43299DDB14B}.AppStore|Any CPU.Build.0 = Release|x86
		{C3D1A60F-B4BA-461C-A87E-A43299DDB14B}.AppStore|Any CPU.Deploy.0 = Release|x86
		{C3D1A60F-B4BA-461C-A87E-A43299DDB14B}.AppStore|ARM.ActiveCfg = Release|ARM
		{C3D1A60F-B4BA-461C-A87E-A43299DDB14B}.AppStore|ARM.Build.0 = Release|ARM
		{C3D1A60F-B4BA-461C-A87E-A43299DDB14B}.AppStore|ARM.Deploy.0 = Release|ARM
		{C3D1A60F-B4BA-461C-A87E-A43299DDB14B}.AppStore|iPhone.ActiveCfg = Release|x86
		{C3D1A60F-B4BA-461C-A87E-A43299DDB14B}.AppStore|iPhone.Build.0 = Release|x86
		{C3D1A60F-B4BA-461C-A87E-A43299DDB14B}.AppStore|iPhone.Deploy.0 = Release|x86
		{C3D1A60F-B4BA-461C-A87E-A43299DDB14B}.AppStore|iPhoneSimulator.ActiveCfg = Release|x86
		{C3D1A60F-B4BA-461C-A87E-A43299DDB14B}.AppStore|iPhoneSimulator.Build.0 = Release|x86
		{C3D1A60F-B4BA-461C-A87E-A43299DDB14B}.AppStore|iPhoneSimulator.Deploy.0 = Release|x86
		{C3D1A60F-B4BA-461C-A87E-A43299DDB14B}.AppStore|x64.ActiveCfg = Release|x64
		{C3D1A60F-B4BA-461C-A87E-A43299DDB14B}.AppStore|x64.Build.0 = Release|x64
		{C3D1A60F-B4BA-461C-A87E-A43299DDB14B}.AppStore|x64.Deploy.0 = Release|x64
		{C3D1A60F-B4BA-461C-A87E-A43299DDB14B}.AppStore|x86.ActiveCfg = Release|x86
		{C3D1A60F-B4BA-461C-A87E-A43299DDB14B}.AppStore|x86.Build.0 = Release|x86
		{C3D1A60F-B4BA-461C-A87E-A43299DDB14B}.AppStore|x86.Deploy.0 = Release|x86
		{C3D1A60F-B4BA-461C-A87E-A43299DDB14B}.Debug|Any CPU.ActiveCfg = Debug|x86
		{C3D1A60F-B4BA-461C-A87E-A43299DDB14B}.Debug|Any CPU.Build.0 = Debug|x86
		{C3D1A60F-B4BA-461C-A87E-A43299DDB14B}.Debug|Any CPU.Deploy.0 = Debug|x86
		{C3D1A60F-B4BA-461C-A87E-A43299DDB14B}.Debug|ARM.ActiveCfg = Debug|ARM
		{C3D1A60F-B4BA-461C-A87E-A43299DDB14B}.Debug|ARM.Build.0 = Debug|ARM
		{C3D1A60F-B4BA-461C-A87E-A43299DDB14B}.Debug|ARM.Deploy.0 = Debug|ARM
		{C3D1A60F-B4BA-461C-A87E-A43299DDB14B}.Debug|iPhone.ActiveCfg = Debug|x86
		{C3D1A60F-B4BA-461C-A87E-A43299DDB14B}.Debug|iPhone.Build.0 = Debug|x86
		{C3D1A60F-B4BA-461C-A87E-A43299DDB14B}.Debug|iPhone.Deploy.0 = Debug|x86
		{C3D1A60F-B4BA-461C-A87E-A43299DDB14B}.Debug|iPhoneSimulator.ActiveCfg = Debug|x86
		{C3D1A60F-B4BA-461C-A87E-A43299DDB14B}.Debug|iPhoneSimulator.Build.0 = Debug|x86
		{C3D1A60F-B4BA-461C-A87E-A43299DDB14B}.Debug|iPhoneSimulator.Deploy.0 = Debug|x86
		{C3D1A60F-B4BA-461C-A87E-A43299DDB14B}.Debug|x64.ActiveCfg = Debug|x64
		{C3D1A60F-B4BA-461C-A87E-A43299DDB14B}.Debug|x64.Build.0 = Debug|x64
		{C3D1A60F-B4BA-461C-A87E-A43299DDB14B}.Debug|x64.Deploy.0 = Debug|x64
		{C3D1A60F-B4BA-461C-A87E-A43299DDB14B}.Debug|x86.ActiveCfg = Debug|x86
		{C3D1A60F-B4BA-461C-A87E-A43299DDB14B}.Debug|x86.Build.0 = Debug|x86
		{C3D1A60F-B4BA-461C-A87E-A43299DDB14B}.Debug|x86.Deploy.0 = Debug|x86
		{C3D1A60F-B4BA-461C-A87E-A43299DDB14B}.Release|Any CPU.ActiveCfg = Release|x86
		{C3D1A60F-B4BA-461C-A87E-A43299DDB14B}.Release|Any CPU.Build.0 = Release|x86
		{C3D1A60F-B4BA-461C-A87E-A43299DDB14B}.Release|Any CPU.Deploy.0 = Release|x86
		{C3D1A60F-B4BA-461C-A87E-A43299DDB14B}.Release|ARM.ActiveCfg = Release|ARM
		{C3D1A60F-B4BA-461C-A87E-A43299DDB14B}.Release|ARM.Build.0 = Release|ARM
		{C3D1A60F-B4BA-461C-A87E-A43299DDB14B}.Release|ARM.Deploy.0 = Release|ARM
		{C3D1A60F-B4BA-461C-A87E-A43299DDB14B}.Release|iPhone.ActiveCfg = Release|x86
		{C3D1A60F-B4BA-461C-A87E-A43299DDB14B}.Release|iPhone.Build.0 = Release|x86
		{C3D1A60F-B4BA-461C-A87E-A43299DDB14B}.Release|iPhone.Deploy.0 = Release|x86
		{C3D1A60F-B4BA-461C-A87E-A43299DDB14B}.Release|iPhoneSimulator.ActiveCfg = Release|x86
		{C3D1A60F-B4BA-461C-A87E-A43299DDB14B}.Release|iPhoneSimulator.Build.0 = Release|x86
		{C3D1A60F-B4BA-461C-A87E-A43299DDB14B}.Release|iPhoneSimulator.Deploy.0 = Release|x86
		{C3D1A60F-B4BA-461C-A87E-A43299DDB14B}.Release|x64.ActiveCfg = Release|x64
		{C3D1A60F-B4BA-461C-A87E-A43299DDB14B}.Release|x64.Build.0 = Release|x64
		{C3D1A60F-B4BA-461C-A87E-A43299DDB14B}.Release|x64.Deploy.0 = Release|x64
		{C3D1A60F-B4BA-461C-A87E-A43299DDB14B}.Release|x86.ActiveCfg = Release|x86
		{C3D1A60F-B4BA-461C-A87E-A43299DDB14B}.Release|x86.Build.0 = Release|x86
		{C3D1A60F-B4BA-461C-A87E-A43299DDB14B}.Release|x86.Deploy.0 = Release|x86
		{9A790F3F-DD11-4CA8-A39A-22BF67179534}.Ad-Hoc|Any CPU.ActiveCfg = Debug|Any CPU
		{9A790F3F-DD11-4CA8-A39A-22BF67179534}.Ad-Hoc|Any CPU.Build.0 = Debug|Any CPU
		{9A790F3F-DD11-4CA8-A39A-22BF67179534}.Ad-Hoc|Any CPU.Deploy.0 = Debug|Any CPU
		{9A790F3F-DD11-4CA8-A39A-22BF67179534}.Ad-Hoc|ARM.ActiveCfg = Debug|Any CPU
		{9A790F3F-DD11-4CA8-A39A-22BF67179534}.Ad-Hoc|ARM.Build.0 = Debug|Any CPU
		{9A790F3F-DD11-4CA8-A39A-22BF67179534}.Ad-Hoc|ARM.Deploy.0 = Debug|Any CPU
		{9A790F3F-DD11-4CA8-A39A-22BF67179534}.Ad-Hoc|iPhone.ActiveCfg = Debug|Any CPU
		{9A790F3F-DD11-4CA8-A39A-22BF67179534}.Ad-Hoc|iPhone.Build.0 = Debug|Any CPU
		{9A790F3F-DD11-4CA8-A39A-22BF67179534}.Ad-Hoc|iPhone.Deploy.0 = Debug|Any CPU
		{9A790F3F-DD11-4CA8-A39A-22BF67179534}.Ad-Hoc|iPhoneSimulator.ActiveCfg = Debug|Any CPU
		{9A790F3F-DD11-4CA8-A39A-22BF67179534}.Ad-Hoc|iPhoneSimulator.Build.0 = Debug|Any CPU
		{9A790F3F-DD11-4CA8-A39A-22BF67179534}.Ad-Hoc|iPhoneSimulator.Deploy.0 = Debug|Any CPU
		{9A790F3F-DD11-4CA8-A39A-22BF67179534}.Ad-Hoc|x64.ActiveCfg = Debug|Any CPU
		{9A790F3F-DD11-4CA8-A39A-22BF67179534}.Ad-Hoc|x64.Build.0 = Debug|Any CPU
		{9A790F3F-DD11-4CA8-A39A-22BF67179534}.Ad-Hoc|x64.Deploy.0 = Debug|Any CPU
		{9A790F3F-DD11-4CA8-A39A-22BF67179534}.Ad-Hoc|x86.ActiveCfg = Debug|Any CPU
		{9A790F3F-DD11-4CA8-A39A-22BF67179534}.Ad-Hoc|x86.Build.0 = Debug|Any CPU
		{9A790F3F-DD11-4CA8-A39A-22BF67179534}.Ad-Hoc|x86.Deploy.0 = Debug|Any CPU
		{9A790F3F-DD11-4CA8-A39A-22BF67179534}.AppStore|Any CPU.ActiveCfg = Debug|Any CPU
		{9A790F3F-DD11-4CA8-A39A-22BF67179534}.AppStore|Any CPU.Build.0 = Debug|Any CPU
		{9A790F3F-DD11-4CA8-A39A-22BF67179534}.AppStore|Any CPU.Deploy.0 = Debug|Any CPU
		{9A790F3F-DD11-4CA8-A39A-22BF67179534}.AppStore|ARM.ActiveCfg = Debug|Any CPU
		{9A790F3F-DD11-4CA8-A39A-22BF67179534}.AppStore|ARM.Build.0 = Debug|Any CPU
		{9A790F3F-DD11-4CA8-A39A-22BF67179534}.AppStore|ARM.Deploy.0 = Debug|Any CPU
		{9A790F3F-DD11-4CA8-A39A-22BF67179534}.AppStore|iPhone.ActiveCfg = Debug|Any CPU
		{9A790F3F-DD11-4CA8-A39A-22BF67179534}.AppStore|iPhone.Build.0 = Debug|Any CPU
		{9A790F3F-DD11-4CA8-A39A-22BF67179534}.AppStore|iPhone.Deploy.0 = Debug|Any CPU
		{9A790F3F-DD11-4CA8-A39A-22BF67179534}.AppStore|iPhoneSimulator.ActiveCfg = Debug|Any CPU
		{9A790F3F-DD11-4CA8-A39A-22BF67179534}.AppStore|iPhoneSimulator.Build.0 = Debug|Any CPU
		{9A790F3F-DD11-4CA8-A39A-22BF67179534}.AppStore|iPhoneSimulator.Deploy.0 = Debug|Any CPU
		{9A790F3F-DD11-4CA8-A39A-22BF67179534}.AppStore|x64.ActiveCfg = Debug|Any CPU
		{9A790F3F-DD11-4CA8-A39A-22BF67179534}.AppStore|x64.Build.0 = Debug|Any CPU
		{9A790F3F-DD11-4CA8-A39A-22BF67179534}.AppStore|x64.Deploy.0 = Debug|Any CPU
		{9A790F3F-DD11-4CA8-A39A-22BF67179534}.AppStore|x86.ActiveCfg = Debug|Any CPU
		{9A790F3F-DD11-4CA8-A39A-22BF67179534}.AppStore|x86.Build.0 = Debug|Any CPU
		{9A790F3F-DD11-4CA8-A39A-22BF67179534}.AppStore|x86.Deploy.0 = Debug|Any CPU
		{9A790F3F-DD11-4CA8-A39A-22BF67179534}.Debug|Any CPU.ActiveCfg = Debug|Any CPU
		{9A790F3F-DD11-4CA8-A39A-22BF67179534}.Debug|Any CPU.Build.0 = Debug|Any CPU
		{9A790F3F-DD11-4CA8-A39A-22BF67179534}.Debug|Any CPU.Deploy.0 = Debug|Any CPU
		{9A790F3F-DD11-4CA8-A39A-22BF67179534}.Debug|ARM.ActiveCfg = Debug|Any CPU
		{9A790F3F-DD11-4CA8-A39A-22BF67179534}.Debug|ARM.Build.0 = Debug|Any CPU
		{9A790F3F-DD11-4CA8-A39A-22BF67179534}.Debug|ARM.Deploy.0 = Debug|Any CPU
		{9A790F3F-DD11-4CA8-A39A-22BF67179534}.Debug|iPhone.ActiveCfg = Debug|Any CPU
		{9A790F3F-DD11-4CA8-A39A-22BF67179534}.Debug|iPhone.Build.0 = Debug|Any CPU
		{9A790F3F-DD11-4CA8-A39A-22BF67179534}.Debug|iPhone.Deploy.0 = Debug|Any CPU
		{9A790F3F-DD11-4CA8-A39A-22BF67179534}.Debug|iPhoneSimulator.ActiveCfg = Debug|Any CPU
		{9A790F3F-DD11-4CA8-A39A-22BF67179534}.Debug|iPhoneSimulator.Build.0 = Debug|Any CPU
		{9A790F3F-DD11-4CA8-A39A-22BF67179534}.Debug|iPhoneSimulator.Deploy.0 = Debug|Any CPU
		{9A790F3F-DD11-4CA8-A39A-22BF67179534}.Debug|x64.ActiveCfg = Debug|Any CPU
		{9A790F3F-DD11-4CA8-A39A-22BF67179534}.Debug|x64.Build.0 = Debug|Any CPU
		{9A790F3F-DD11-4CA8-A39A-22BF67179534}.Debug|x64.Deploy.0 = Debug|Any CPU
		{9A790F3F-DD11-4CA8-A39A-22BF67179534}.Debug|x86.ActiveCfg = Debug|Any CPU
		{9A790F3F-DD11-4CA8-A39A-22BF67179534}.Debug|x86.Build.0 = Debug|Any CPU
		{9A790F3F-DD11-4CA8-A39A-22BF67179534}.Debug|x86.Deploy.0 = Debug|Any CPU
		{9A790F3F-DD11-4CA8-A39A-22BF67179534}.Release|Any CPU.ActiveCfg = Release|Any CPU
		{9A790F3F-DD11-4CA8-A39A-22BF67179534}.Release|Any CPU.Build.0 = Release|Any CPU
		{9A790F3F-DD11-4CA8-A39A-22BF67179534}.Release|Any CPU.Deploy.0 = Release|Any CPU
		{9A790F3F-DD11-4CA8-A39A-22BF67179534}.Release|ARM.ActiveCfg = Release|Any CPU
		{9A790F3F-DD11-4CA8-A39A-22BF67179534}.Release|ARM.Build.0 = Release|Any CPU
		{9A790F3F-DD11-4CA8-A39A-22BF67179534}.Release|ARM.Deploy.0 = Release|Any CPU
		{9A790F3F-DD11-4CA8-A39A-22BF67179534}.Release|iPhone.ActiveCfg = Release|Any CPU
		{9A790F3F-DD11-4CA8-A39A-22BF67179534}.Release|iPhone.Build.0 = Release|Any CPU
		{9A790F3F-DD11-4CA8-A39A-22BF67179534}.Release|iPhone.Deploy.0 = Release|Any CPU
		{9A790F3F-DD11-4CA8-A39A-22BF67179534}.Release|iPhoneSimulator.ActiveCfg = Release|Any CPU
		{9A790F3F-DD11-4CA8-A39A-22BF67179534}.Release|iPhoneSimulator.Build.0 = Release|Any CPU
		{9A790F3F-DD11-4CA8-A39A-22BF67179534}.Release|iPhoneSimulator.Deploy.0 = Release|Any CPU
		{9A790F3F-DD11-4CA8-A39A-22BF67179534}.Release|x64.ActiveCfg = Release|Any CPU
		{9A790F3F-DD11-4CA8-A39A-22BF67179534}.Release|x64.Build.0 = Release|Any CPU
		{9A790F3F-DD11-4CA8-A39A-22BF67179534}.Release|x64.Deploy.0 = Release|Any CPU
		{9A790F3F-DD11-4CA8-A39A-22BF67179534}.Release|x86.ActiveCfg = Release|Any CPU
		{9A790F3F-DD11-4CA8-A39A-22BF67179534}.Release|x86.Build.0 = Release|Any CPU
		{9A790F3F-DD11-4CA8-A39A-22BF67179534}.Release|x86.Deploy.0 = Release|Any CPU
		{78B597C6-EAAF-48D8-B756-67A45922052B}.Ad-Hoc|Any CPU.ActiveCfg = Release|Any CPU
		{78B597C6-EAAF-48D8-B756-67A45922052B}.Ad-Hoc|Any CPU.Build.0 = Release|Any CPU
		{78B597C6-EAAF-48D8-B756-67A45922052B}.Ad-Hoc|ARM.ActiveCfg = Release|Any CPU
		{78B597C6-EAAF-48D8-B756-67A45922052B}.Ad-Hoc|ARM.Build.0 = Release|Any CPU
		{78B597C6-EAAF-48D8-B756-67A45922052B}.Ad-Hoc|iPhone.ActiveCfg = Release|Any CPU
		{78B597C6-EAAF-48D8-B756-67A45922052B}.Ad-Hoc|iPhone.Build.0 = Release|Any CPU
		{78B597C6-EAAF-48D8-B756-67A45922052B}.Ad-Hoc|iPhoneSimulator.ActiveCfg = Release|Any CPU
		{78B597C6-EAAF-48D8-B756-67A45922052B}.Ad-Hoc|iPhoneSimulator.Build.0 = Release|Any CPU
		{78B597C6-EAAF-48D8-B756-67A45922052B}.Ad-Hoc|x64.ActiveCfg = Release|Any CPU
		{78B597C6-EAAF-48D8-B756-67A45922052B}.Ad-Hoc|x64.Build.0 = Release|Any CPU
		{78B597C6-EAAF-48D8-B756-67A45922052B}.Ad-Hoc|x86.ActiveCfg = Release|Any CPU
		{78B597C6-EAAF-48D8-B756-67A45922052B}.Ad-Hoc|x86.Build.0 = Release|Any CPU
		{78B597C6-EAAF-48D8-B756-67A45922052B}.AppStore|Any CPU.ActiveCfg = Release|Any CPU
		{78B597C6-EAAF-48D8-B756-67A45922052B}.AppStore|Any CPU.Build.0 = Release|Any CPU
		{78B597C6-EAAF-48D8-B756-67A45922052B}.AppStore|ARM.ActiveCfg = Release|Any CPU
		{78B597C6-EAAF-48D8-B756-67A45922052B}.AppStore|ARM.Build.0 = Release|Any CPU
		{78B597C6-EAAF-48D8-B756-67A45922052B}.AppStore|iPhone.ActiveCfg = Release|Any CPU
		{78B597C6-EAAF-48D8-B756-67A45922052B}.AppStore|iPhone.Build.0 = Release|Any CPU
		{78B597C6-EAAF-48D8-B756-67A45922052B}.AppStore|iPhoneSimulator.ActiveCfg = Release|Any CPU
		{78B597C6-EAAF-48D8-B756-67A45922052B}.AppStore|iPhoneSimulator.Build.0 = Release|Any CPU
		{78B597C6-EAAF-48D8-B756-67A45922052B}.AppStore|x64.ActiveCfg = Release|Any CPU
		{78B597C6-EAAF-48D8-B756-67A45922052B}.AppStore|x64.Build.0 = Release|Any CPU
		{78B597C6-EAAF-48D8-B756-67A45922052B}.AppStore|x86.ActiveCfg = Release|Any CPU
		{78B597C6-EAAF-48D8-B756-67A45922052B}.AppStore|x86.Build.0 = Release|Any CPU
		{78B597C6-EAAF-48D8-B756-67A45922052B}.Debug|Any CPU.ActiveCfg = Debug|Any CPU
		{78B597C6-EAAF-48D8-B756-67A45922052B}.Debug|Any CPU.Build.0 = Debug|Any CPU
		{78B597C6-EAAF-48D8-B756-67A45922052B}.Debug|ARM.ActiveCfg = Debug|Any CPU
		{78B597C6-EAAF-48D8-B756-67A45922052B}.Debug|ARM.Build.0 = Debug|Any CPU
		{78B597C6-EAAF-48D8-B756-67A45922052B}.Debug|iPhone.ActiveCfg = Debug|Any CPU
		{78B597C6-EAAF-48D8-B756-67A45922052B}.Debug|iPhone.Build.0 = Debug|Any CPU
		{78B597C6-EAAF-48D8-B756-67A45922052B}.Debug|iPhoneSimulator.ActiveCfg = Debug|Any CPU
		{78B597C6-EAAF-48D8-B756-67A45922052B}.Debug|iPhoneSimulator.Build.0 = Debug|Any CPU
		{78B597C6-EAAF-48D8-B756-67A45922052B}.Debug|x64.ActiveCfg = Debug|Any CPU
		{78B597C6-EAAF-48D8-B756-67A45922052B}.Debug|x64.Build.0 = Debug|Any CPU
		{78B597C6-EAAF-48D8-B756-67A45922052B}.Debug|x86.ActiveCfg = Debug|Any CPU
		{78B597C6-EAAF-48D8-B756-67A45922052B}.Debug|x86.Build.0 = Debug|Any CPU
		{78B597C6-EAAF-48D8-B756-67A45922052B}.Release|Any CPU.ActiveCfg = Release|Any CPU
		{78B597C6-EAAF-48D8-B756-67A45922052B}.Release|Any CPU.Build.0 = Release|Any CPU
		{78B597C6-EAAF-48D8-B756-67A45922052B}.Release|ARM.ActiveCfg = Release|Any CPU
		{78B597C6-EAAF-48D8-B756-67A45922052B}.Release|ARM.Build.0 = Release|Any CPU
		{78B597C6-EAAF-48D8-B756-67A45922052B}.Release|iPhone.ActiveCfg = Release|Any CPU
		{78B597C6-EAAF-48D8-B756-67A45922052B}.Release|iPhone.Build.0 = Release|Any CPU
		{78B597C6-EAAF-48D8-B756-67A45922052B}.Release|iPhoneSimulator.ActiveCfg = Release|Any CPU
		{78B597C6-EAAF-48D8-B756-67A45922052B}.Release|iPhoneSimulator.Build.0 = Release|Any CPU
		{78B597C6-EAAF-48D8-B756-67A45922052B}.Release|x64.ActiveCfg = Release|Any CPU
		{78B597C6-EAAF-48D8-B756-67A45922052B}.Release|x64.Build.0 = Release|Any CPU
		{78B597C6-EAAF-48D8-B756-67A45922052B}.Release|x86.ActiveCfg = Release|Any CPU
		{78B597C6-EAAF-48D8-B756-67A45922052B}.Release|x86.Build.0 = Release|Any CPU
		{0B485DE7-9BB8-42AF-85AC-18606212A11B}.Ad-Hoc|Any CPU.ActiveCfg = Release|Any CPU
		{0B485DE7-9BB8-42AF-85AC-18606212A11B}.Ad-Hoc|Any CPU.Build.0 = Release|Any CPU
		{0B485DE7-9BB8-42AF-85AC-18606212A11B}.Ad-Hoc|ARM.ActiveCfg = Release|Any CPU
		{0B485DE7-9BB8-42AF-85AC-18606212A11B}.Ad-Hoc|ARM.Build.0 = Release|Any CPU
		{0B485DE7-9BB8-42AF-85AC-18606212A11B}.Ad-Hoc|iPhone.ActiveCfg = Release|Any CPU
		{0B485DE7-9BB8-42AF-85AC-18606212A11B}.Ad-Hoc|iPhone.Build.0 = Release|Any CPU
		{0B485DE7-9BB8-42AF-85AC-18606212A11B}.Ad-Hoc|iPhoneSimulator.ActiveCfg = Release|Any CPU
		{0B485DE7-9BB8-42AF-85AC-18606212A11B}.Ad-Hoc|iPhoneSimulator.Build.0 = Release|Any CPU
		{0B485DE7-9BB8-42AF-85AC-18606212A11B}.Ad-Hoc|x64.ActiveCfg = Release|Any CPU
		{0B485DE7-9BB8-42AF-85AC-18606212A11B}.Ad-Hoc|x64.Build.0 = Release|Any CPU
		{0B485DE7-9BB8-42AF-85AC-18606212A11B}.Ad-Hoc|x86.ActiveCfg = Release|Any CPU
		{0B485DE7-9BB8-42AF-85AC-18606212A11B}.Ad-Hoc|x86.Build.0 = Release|Any CPU
		{0B485DE7-9BB8-42AF-85AC-18606212A11B}.AppStore|Any CPU.ActiveCfg = Release|Any CPU
		{0B485DE7-9BB8-42AF-85AC-18606212A11B}.AppStore|Any CPU.Build.0 = Release|Any CPU
		{0B485DE7-9BB8-42AF-85AC-18606212A11B}.AppStore|ARM.ActiveCfg = Release|Any CPU
		{0B485DE7-9BB8-42AF-85AC-18606212A11B}.AppStore|ARM.Build.0 = Release|Any CPU
		{0B485DE7-9BB8-42AF-85AC-18606212A11B}.AppStore|iPhone.ActiveCfg = Release|Any CPU
		{0B485DE7-9BB8-42AF-85AC-18606212A11B}.AppStore|iPhone.Build.0 = Release|Any CPU
		{0B485DE7-9BB8-42AF-85AC-18606212A11B}.AppStore|iPhoneSimulator.ActiveCfg = Release|Any CPU
		{0B485DE7-9BB8-42AF-85AC-18606212A11B}.AppStore|iPhoneSimulator.Build.0 = Release|Any CPU
		{0B485DE7-9BB8-42AF-85AC-18606212A11B}.AppStore|x64.ActiveCfg = Release|Any CPU
		{0B485DE7-9BB8-42AF-85AC-18606212A11B}.AppStore|x64.Build.0 = Release|Any CPU
		{0B485DE7-9BB8-42AF-85AC-18606212A11B}.AppStore|x86.ActiveCfg = Release|Any CPU
		{0B485DE7-9BB8-42AF-85AC-18606212A11B}.AppStore|x86.Build.0 = Release|Any CPU
		{0B485DE7-9BB8-42AF-85AC-18606212A11B}.Debug|Any CPU.ActiveCfg = Debug|Any CPU
		{0B485DE7-9BB8-42AF-85AC-18606212A11B}.Debug|Any CPU.Build.0 = Debug|Any CPU
		{0B485DE7-9BB8-42AF-85AC-18606212A11B}.Debug|ARM.ActiveCfg = Debug|Any CPU
		{0B485DE7-9BB8-42AF-85AC-18606212A11B}.Debug|ARM.Build.0 = Debug|Any CPU
		{0B485DE7-9BB8-42AF-85AC-18606212A11B}.Debug|iPhone.ActiveCfg = Debug|Any CPU
		{0B485DE7-9BB8-42AF-85AC-18606212A11B}.Debug|iPhone.Build.0 = Debug|Any CPU
		{0B485DE7-9BB8-42AF-85AC-18606212A11B}.Debug|iPhoneSimulator.ActiveCfg = Debug|Any CPU
		{0B485DE7-9BB8-42AF-85AC-18606212A11B}.Debug|iPhoneSimulator.Build.0 = Debug|Any CPU
		{0B485DE7-9BB8-42AF-85AC-18606212A11B}.Debug|x64.ActiveCfg = Debug|Any CPU
		{0B485DE7-9BB8-42AF-85AC-18606212A11B}.Debug|x64.Build.0 = Debug|Any CPU
		{0B485DE7-9BB8-42AF-85AC-18606212A11B}.Debug|x86.ActiveCfg = Debug|Any CPU
		{0B485DE7-9BB8-42AF-85AC-18606212A11B}.Debug|x86.Build.0 = Debug|Any CPU
		{0B485DE7-9BB8-42AF-85AC-18606212A11B}.Release|Any CPU.ActiveCfg = Release|Any CPU
		{0B485DE7-9BB8-42AF-85AC-18606212A11B}.Release|Any CPU.Build.0 = Release|Any CPU
		{0B485DE7-9BB8-42AF-85AC-18606212A11B}.Release|ARM.ActiveCfg = Release|Any CPU
		{0B485DE7-9BB8-42AF-85AC-18606212A11B}.Release|ARM.Build.0 = Release|Any CPU
		{0B485DE7-9BB8-42AF-85AC-18606212A11B}.Release|iPhone.ActiveCfg = Release|Any CPU
		{0B485DE7-9BB8-42AF-85AC-18606212A11B}.Release|iPhone.Build.0 = Release|Any CPU
		{0B485DE7-9BB8-42AF-85AC-18606212A11B}.Release|iPhoneSimulator.ActiveCfg = Release|Any CPU
		{0B485DE7-9BB8-42AF-85AC-18606212A11B}.Release|iPhoneSimulator.Build.0 = Release|Any CPU
		{0B485DE7-9BB8-42AF-85AC-18606212A11B}.Release|x64.ActiveCfg = Release|Any CPU
		{0B485DE7-9BB8-42AF-85AC-18606212A11B}.Release|x64.Build.0 = Release|Any CPU
		{0B485DE7-9BB8-42AF-85AC-18606212A11B}.Release|x86.ActiveCfg = Release|Any CPU
		{0B485DE7-9BB8-42AF-85AC-18606212A11B}.Release|x86.Build.0 = Release|Any CPU
		{B2ACC962-E025-400B-8328-91B10D33309D}.Ad-Hoc|Any CPU.ActiveCfg = Release|Any CPU
		{B2ACC962-E025-400B-8328-91B10D33309D}.Ad-Hoc|Any CPU.Build.0 = Release|Any CPU
		{B2ACC962-E025-400B-8328-91B10D33309D}.Ad-Hoc|ARM.ActiveCfg = Release|Any CPU
		{B2ACC962-E025-400B-8328-91B10D33309D}.Ad-Hoc|ARM.Build.0 = Release|Any CPU
		{B2ACC962-E025-400B-8328-91B10D33309D}.Ad-Hoc|iPhone.ActiveCfg = Release|Any CPU
		{B2ACC962-E025-400B-8328-91B10D33309D}.Ad-Hoc|iPhone.Build.0 = Release|Any CPU
		{B2ACC962-E025-400B-8328-91B10D33309D}.Ad-Hoc|iPhoneSimulator.ActiveCfg = Release|Any CPU
		{B2ACC962-E025-400B-8328-91B10D33309D}.Ad-Hoc|iPhoneSimulator.Build.0 = Release|Any CPU
		{B2ACC962-E025-400B-8328-91B10D33309D}.Ad-Hoc|x64.ActiveCfg = Release|Any CPU
		{B2ACC962-E025-400B-8328-91B10D33309D}.Ad-Hoc|x64.Build.0 = Release|Any CPU
		{B2ACC962-E025-400B-8328-91B10D33309D}.Ad-Hoc|x86.ActiveCfg = Release|Any CPU
		{B2ACC962-E025-400B-8328-91B10D33309D}.Ad-Hoc|x86.Build.0 = Release|Any CPU
		{B2ACC962-E025-400B-8328-91B10D33309D}.AppStore|Any CPU.ActiveCfg = Release|Any CPU
		{B2ACC962-E025-400B-8328-91B10D33309D}.AppStore|Any CPU.Build.0 = Release|Any CPU
		{B2ACC962-E025-400B-8328-91B10D33309D}.AppStore|ARM.ActiveCfg = Release|Any CPU
		{B2ACC962-E025-400B-8328-91B10D33309D}.AppStore|ARM.Build.0 = Release|Any CPU
		{B2ACC962-E025-400B-8328-91B10D33309D}.AppStore|iPhone.ActiveCfg = Release|Any CPU
		{B2ACC962-E025-400B-8328-91B10D33309D}.AppStore|iPhone.Build.0 = Release|Any CPU
		{B2ACC962-E025-400B-8328-91B10D33309D}.AppStore|iPhoneSimulator.ActiveCfg = Release|Any CPU
		{B2ACC962-E025-400B-8328-91B10D33309D}.AppStore|iPhoneSimulator.Build.0 = Release|Any CPU
		{B2ACC962-E025-400B-8328-91B10D33309D}.AppStore|x64.ActiveCfg = Release|Any CPU
		{B2ACC962-E025-400B-8328-91B10D33309D}.AppStore|x64.Build.0 = Release|Any CPU
		{B2ACC962-E025-400B-8328-91B10D33309D}.AppStore|x86.ActiveCfg = Release|Any CPU
		{B2ACC962-E025-400B-8328-91B10D33309D}.AppStore|x86.Build.0 = Release|Any CPU
		{B2ACC962-E025-400B-8328-91B10D33309D}.Debug|Any CPU.ActiveCfg = Debug|Any CPU
		{B2ACC962-E025-400B-8328-91B10D33309D}.Debug|Any CPU.Build.0 = Debug|Any CPU
		{B2ACC962-E025-400B-8328-91B10D33309D}.Debug|ARM.ActiveCfg = Debug|Any CPU
		{B2ACC962-E025-400B-8328-91B10D33309D}.Debug|ARM.Build.0 = Debug|Any CPU
		{B2ACC962-E025-400B-8328-91B10D33309D}.Debug|iPhone.ActiveCfg = Debug|Any CPU
		{B2ACC962-E025-400B-8328-91B10D33309D}.Debug|iPhone.Build.0 = Debug|Any CPU
		{B2ACC962-E025-400B-8328-91B10D33309D}.Debug|iPhoneSimulator.ActiveCfg = Debug|Any CPU
		{B2ACC962-E025-400B-8328-91B10D33309D}.Debug|iPhoneSimulator.Build.0 = Debug|Any CPU
		{B2ACC962-E025-400B-8328-91B10D33309D}.Debug|x64.ActiveCfg = Debug|Any CPU
		{B2ACC962-E025-400B-8328-91B10D33309D}.Debug|x64.Build.0 = Debug|Any CPU
		{B2ACC962-E025-400B-8328-91B10D33309D}.Debug|x86.ActiveCfg = Debug|Any CPU
		{B2ACC962-E025-400B-8328-91B10D33309D}.Debug|x86.Build.0 = Debug|Any CPU
		{B2ACC962-E025-400B-8328-91B10D33309D}.Release|Any CPU.ActiveCfg = Release|Any CPU
		{B2ACC962-E025-400B-8328-91B10D33309D}.Release|Any CPU.Build.0 = Release|Any CPU
		{B2ACC962-E025-400B-8328-91B10D33309D}.Release|ARM.ActiveCfg = Release|Any CPU
		{B2ACC962-E025-400B-8328-91B10D33309D}.Release|ARM.Build.0 = Release|Any CPU
		{B2ACC962-E025-400B-8328-91B10D33309D}.Release|iPhone.ActiveCfg = Release|Any CPU
		{B2ACC962-E025-400B-8328-91B10D33309D}.Release|iPhone.Build.0 = Release|Any CPU
		{B2ACC962-E025-400B-8328-91B10D33309D}.Release|iPhoneSimulator.ActiveCfg = Release|Any CPU
		{B2ACC962-E025-400B-8328-91B10D33309D}.Release|iPhoneSimulator.Build.0 = Release|Any CPU
		{B2ACC962-E025-400B-8328-91B10D33309D}.Release|x64.ActiveCfg = Release|Any CPU
		{B2ACC962-E025-400B-8328-91B10D33309D}.Release|x64.Build.0 = Release|Any CPU
		{B2ACC962-E025-400B-8328-91B10D33309D}.Release|x86.ActiveCfg = Release|Any CPU
		{B2ACC962-E025-400B-8328-91B10D33309D}.Release|x86.Build.0 = Release|Any CPU
		{C058A96F-2378-4722-B8AA-848F1595AB0B}.Ad-Hoc|Any CPU.ActiveCfg = Release|Any CPU
		{C058A96F-2378-4722-B8AA-848F1595AB0B}.Ad-Hoc|Any CPU.Build.0 = Release|Any CPU
		{C058A96F-2378-4722-B8AA-848F1595AB0B}.Ad-Hoc|ARM.ActiveCfg = Release|Any CPU
		{C058A96F-2378-4722-B8AA-848F1595AB0B}.Ad-Hoc|ARM.Build.0 = Release|Any CPU
		{C058A96F-2378-4722-B8AA-848F1595AB0B}.Ad-Hoc|iPhone.ActiveCfg = Release|Any CPU
		{C058A96F-2378-4722-B8AA-848F1595AB0B}.Ad-Hoc|iPhone.Build.0 = Release|Any CPU
		{C058A96F-2378-4722-B8AA-848F1595AB0B}.Ad-Hoc|iPhoneSimulator.ActiveCfg = Release|Any CPU
		{C058A96F-2378-4722-B8AA-848F1595AB0B}.Ad-Hoc|iPhoneSimulator.Build.0 = Release|Any CPU
		{C058A96F-2378-4722-B8AA-848F1595AB0B}.Ad-Hoc|x64.ActiveCfg = Release|Any CPU
		{C058A96F-2378-4722-B8AA-848F1595AB0B}.Ad-Hoc|x64.Build.0 = Release|Any CPU
		{C058A96F-2378-4722-B8AA-848F1595AB0B}.Ad-Hoc|x86.ActiveCfg = Release|Any CPU
		{C058A96F-2378-4722-B8AA-848F1595AB0B}.Ad-Hoc|x86.Build.0 = Release|Any CPU
		{C058A96F-2378-4722-B8AA-848F1595AB0B}.AppStore|Any CPU.ActiveCfg = Release|Any CPU
		{C058A96F-2378-4722-B8AA-848F1595AB0B}.AppStore|Any CPU.Build.0 = Release|Any CPU
		{C058A96F-2378-4722-B8AA-848F1595AB0B}.AppStore|ARM.ActiveCfg = Release|Any CPU
		{C058A96F-2378-4722-B8AA-848F1595AB0B}.AppStore|ARM.Build.0 = Release|Any CPU
		{C058A96F-2378-4722-B8AA-848F1595AB0B}.AppStore|iPhone.ActiveCfg = Release|Any CPU
		{C058A96F-2378-4722-B8AA-848F1595AB0B}.AppStore|iPhone.Build.0 = Release|Any CPU
		{C058A96F-2378-4722-B8AA-848F1595AB0B}.AppStore|iPhoneSimulator.ActiveCfg = Release|Any CPU
		{C058A96F-2378-4722-B8AA-848F1595AB0B}.AppStore|iPhoneSimulator.Build.0 = Release|Any CPU
		{C058A96F-2378-4722-B8AA-848F1595AB0B}.AppStore|x64.ActiveCfg = Release|Any CPU
		{C058A96F-2378-4722-B8AA-848F1595AB0B}.AppStore|x64.Build.0 = Release|Any CPU
		{C058A96F-2378-4722-B8AA-848F1595AB0B}.AppStore|x86.ActiveCfg = Release|Any CPU
		{C058A96F-2378-4722-B8AA-848F1595AB0B}.AppStore|x86.Build.0 = Release|Any CPU
		{C058A96F-2378-4722-B8AA-848F1595AB0B}.Debug|Any CPU.ActiveCfg = Debug|Any CPU
		{C058A96F-2378-4722-B8AA-848F1595AB0B}.Debug|Any CPU.Build.0 = Debug|Any CPU
		{C058A96F-2378-4722-B8AA-848F1595AB0B}.Debug|ARM.ActiveCfg = Debug|Any CPU
		{C058A96F-2378-4722-B8AA-848F1595AB0B}.Debug|ARM.Build.0 = Debug|Any CPU
		{C058A96F-2378-4722-B8AA-848F1595AB0B}.Debug|iPhone.ActiveCfg = Debug|Any CPU
		{C058A96F-2378-4722-B8AA-848F1595AB0B}.Debug|iPhone.Build.0 = Debug|Any CPU
		{C058A96F-2378-4722-B8AA-848F1595AB0B}.Debug|iPhoneSimulator.ActiveCfg = Debug|Any CPU
		{C058A96F-2378-4722-B8AA-848F1595AB0B}.Debug|iPhoneSimulator.Build.0 = Debug|Any CPU
		{C058A96F-2378-4722-B8AA-848F1595AB0B}.Debug|x64.ActiveCfg = Debug|Any CPU
		{C058A96F-2378-4722-B8AA-848F1595AB0B}.Debug|x64.Build.0 = Debug|Any CPU
		{C058A96F-2378-4722-B8AA-848F1595AB0B}.Debug|x86.ActiveCfg = Debug|Any CPU
		{C058A96F-2378-4722-B8AA-848F1595AB0B}.Debug|x86.Build.0 = Debug|Any CPU
		{C058A96F-2378-4722-B8AA-848F1595AB0B}.Release|Any CPU.ActiveCfg = Release|Any CPU
		{C058A96F-2378-4722-B8AA-848F1595AB0B}.Release|Any CPU.Build.0 = Release|Any CPU
		{C058A96F-2378-4722-B8AA-848F1595AB0B}.Release|ARM.ActiveCfg = Release|Any CPU
		{C058A96F-2378-4722-B8AA-848F1595AB0B}.Release|ARM.Build.0 = Release|Any CPU
		{C058A96F-2378-4722-B8AA-848F1595AB0B}.Release|iPhone.ActiveCfg = Release|Any CPU
		{C058A96F-2378-4722-B8AA-848F1595AB0B}.Release|iPhone.Build.0 = Release|Any CPU
		{C058A96F-2378-4722-B8AA-848F1595AB0B}.Release|iPhoneSimulator.ActiveCfg = Release|Any CPU
		{C058A96F-2378-4722-B8AA-848F1595AB0B}.Release|iPhoneSimulator.Build.0 = Release|Any CPU
		{C058A96F-2378-4722-B8AA-848F1595AB0B}.Release|x64.ActiveCfg = Release|Any CPU
		{C058A96F-2378-4722-B8AA-848F1595AB0B}.Release|x64.Build.0 = Release|Any CPU
		{C058A96F-2378-4722-B8AA-848F1595AB0B}.Release|x86.ActiveCfg = Release|Any CPU
		{C058A96F-2378-4722-B8AA-848F1595AB0B}.Release|x86.Build.0 = Release|Any CPU
	EndGlobalSection
	GlobalSection(SolutionProperties) = preSolution
		HideSolutionNode = FALSE
	EndGlobalSection
	GlobalSection(ExtensibilityGlobals) = postSolution
		SolutionGuid = {B829366A-E285-467D-A24F-7BE0C034B80E}
	EndGlobalSection
EndGlobal
